
Microsoft Visual Studio Solution File, Format Version 12.00
# Visual Studio 14
VisualStudioVersion = 14.0.24720.0
MinimumVisualStudioVersion = 10.0.40219.1
Project("{FAE04EC0-301F-11D3-BF4B-00C04F79EFBC}") = "ProxyGenerator", "ProxyGenerator\ProxyGenerator.csproj", "{B88CFE60-D1F3-43FF-A1FB-B84B4714E0AF}"
EndProject
Project("{FAE04EC0-301F-11D3-BF4B-00C04F79EFBC}") = "UnitTests", "UnitTests\UnitTests.csproj", "{E25B9094-40DC-4828-818E-C6EA45739DFE}"
EndProject
Project("{FAE04EC0-301F-11D3-BF4B-00C04F79EFBC}") = "ProxyGeneratorDemoPage", "ProxyGeneratorDemoPage\ProxyGeneratorDemoPage.csproj", "{3B134D5E-39C2-4B0A-8212-C2DC1FFDD3BD}"
EndProject
Project("{2150E333-8FDC-42A3-9474-1A3956D46DE8}") = "Solution Items", "Solution Items", "{E77ADB04-9B0B-4D3E-9D59-814F48AE4567}"
	ProjectSection(SolutionItems) = preProject
		..\README.md = ..\README.md
	EndProjectSection
EndProject
Global
	GlobalSection(SolutionConfigurationPlatforms) = preSolution
		Debug|Any CPU = Debug|Any CPU
		Release|Any CPU = Release|Any CPU
	EndGlobalSection
	GlobalSection(ProjectConfigurationPlatforms) = postSolution
		{B88CFE60-D1F3-43FF-A1FB-B84B4714E0AF}.Debug|Any CPU.ActiveCfg = Debug|Any CPU
		{B88CFE60-D1F3-43FF-A1FB-B84B4714E0AF}.Debug|Any CPU.Build.0 = Debug|Any CPU
		{B88CFE60-D1F3-43FF-A1FB-B84B4714E0AF}.Release|Any CPU.ActiveCfg = Release|Any CPU
		{B88CFE60-D1F3-43FF-A1FB-B84B4714E0AF}.Release|Any CPU.Build.0 = Release|Any CPU
		{E25B9094-40DC-4828-818E-C6EA45739DFE}.Debug|Any CPU.ActiveCfg = Debug|Any CPU
		{E25B9094-40DC-4828-818E-C6EA45739DFE}.Debug|Any CPU.Build.0 = Debug|Any CPU
		{E25B9094-40DC-4828-818E-C6EA45739DFE}.Release|Any CPU.ActiveCfg = Release|Any CPU
		{E25B9094-40DC-4828-818E-C6EA45739DFE}.Release|Any CPU.Build.0 = Release|Any CPU
		{3B134D5E-39C2-4B0A-8212-C2DC1FFDD3BD}.Debug|Any CPU.ActiveCfg = Debug|Any CPU
		{3B134D5E-39C2-4B0A-8212-C2DC1FFDD3BD}.Debug|Any CPU.Build.0 = Debug|Any CPU
		{3B134D5E-39C2-4B0A-8212-C2DC1FFDD3BD}.Release|Any CPU.ActiveCfg = Release|Any CPU
		{3B134D5E-39C2-4B0A-8212-C2DC1FFDD3BD}.Release|Any CPU.Build.0 = Release|Any CPU
	EndGlobalSection
	GlobalSection(SolutionProperties) = preSolution
		HideSolutionNode = FALSE
	EndGlobalSection
EndGlobal
